// !$*UTF8*$!
{
	archiveVersion = 1;
	classes = {
	};
	objectVersion = 56;
	objects = {

/* Begin PBXBuildFile section */
		1C50319EAA2C5B25F8C160D3 /* Pods_TestYouAreLaunched.framework in Frameworks */ = {isa = PBXBuildFile; fileRef = D6F8002541C1BACEEA41076B /* Pods_TestYouAreLaunched.framework */; };
		1F47B04D29F5B5EC00BFF55E /* TestYouAreLaunchedApp.swift in Sources */ = {isa = PBXBuildFile; fileRef = 1F47B04C29F5B5EC00BFF55E /* TestYouAreLaunchedApp.swift */; };
		1F47B04F29F5B5EC00BFF55E /* MainView.swift in Sources */ = {isa = PBXBuildFile; fileRef = 1F47B04E29F5B5EC00BFF55E /* MainView.swift */; };
		1F47B05129F5B5EE00BFF55E /* Assets.xcassets in Resources */ = {isa = PBXBuildFile; fileRef = 1F47B05029F5B5EE00BFF55E /* Assets.xcassets */; };
		1F47B05429F5B5EE00BFF55E /* Preview Assets.xcassets in Resources */ = {isa = PBXBuildFile; fileRef = 1F47B05329F5B5EE00BFF55E /* Preview Assets.xcassets */; };
		1F47B05E29F5B5EE00BFF55E /* TestYouAreLaunchedTests.swift in Sources */ = {isa = PBXBuildFile; fileRef = 1F47B05D29F5B5EE00BFF55E /* TestYouAreLaunchedTests.swift */; };
		1F47B06829F5B5EE00BFF55E /* TestYouAreLaunchedUITests.swift in Sources */ = {isa = PBXBuildFile; fileRef = 1F47B06729F5B5EE00BFF55E /* TestYouAreLaunchedUITests.swift */; };
		1F47B06A29F5B5EE00BFF55E /* TestYouAreLaunchedUITestsLaunchTests.swift in Sources */ = {isa = PBXBuildFile; fileRef = 1F47B06929F5B5EE00BFF55E /* TestYouAreLaunchedUITestsLaunchTests.swift */; };
		1F47B07829F5B7E500BFF55E /* Network.swift in Sources */ = {isa = PBXBuildFile; fileRef = 1F47B07729F5B7E500BFF55E /* Network.swift */; };
		1F47B07B29F5B85E00BFF55E /* vendors.json in Resources */ = {isa = PBXBuildFile; fileRef = 1F47B07A29F5B85E00BFF55E /* vendors.json */; };
		1F47B07D29F5BBE700BFF55E /* NetworkTests.swift in Sources */ = {isa = PBXBuildFile; fileRef = 1F47B07C29F5BBE700BFF55E /* NetworkTests.swift */; };
		1F47B08029F5C28400BFF55E /* Vendor.swift in Sources */ = {isa = PBXBuildFile; fileRef = 1F47B07F29F5C28400BFF55E /* Vendor.swift */; };
		1F47B08229F5C8D200BFF55E /* PhotoImage.swift in Sources */ = {isa = PBXBuildFile; fileRef = 1F47B08129F5C8D200BFF55E /* PhotoImage.swift */; };
		1F47B08429F5CB1E00BFF55E /* Category.swift in Sources */ = {isa = PBXBuildFile; fileRef = 1F47B08329F5CB1E00BFF55E /* Category.swift */; };
		1F47B08629F5CBEC00BFF55E /* Tag.swift in Sources */ = {isa = PBXBuildFile; fileRef = 1F47B08529F5CBEC00BFF55E /* Tag.swift */; };
		1F47B08929F5D21A00BFF55E /* SearchView.swift in Sources */ = {isa = PBXBuildFile; fileRef = 1F47B08829F5D21A00BFF55E /* SearchView.swift */; };
		1F47B08C29F5D78300BFF55E /* Assets.swift in Sources */ = {isa = PBXBuildFile; fileRef = 1F47B08B29F5D78300BFF55E /* Assets.swift */; };
		1F47B09B29F5D78D00BFF55E /* Images.xcassets in Resources */ = {isa = PBXBuildFile; fileRef = 1F47B08F29F5D78D00BFF55E /* Images.xcassets */; };
		1F47B09C29F5D78D00BFF55E /* Colors.xcassets in Resources */ = {isa = PBXBuildFile; fileRef = 1F47B09129F5D78D00BFF55E /* Colors.xcassets */; };
		1F47B0A729F5D9A500BFF55E /* ListItemRowView.swift in Sources */ = {isa = PBXBuildFile; fileRef = 1F47B0A629F5D9A400BFF55E /* ListItemRowView.swift */; };
		1F47B0AA29F6751100BFF55E /* Kingfisher in Frameworks */ = {isa = PBXBuildFile; productRef = 1F47B0A929F6751100BFF55E /* Kingfisher */; };
		1F47B0AC29F67DF400BFF55E /* CoverPhotoContentView.swift in Sources */ = {isa = PBXBuildFile; fileRef = 1F47B0AB29F67DF400BFF55E /* CoverPhotoContentView.swift */; };
		1F47B0BF29F70DC500BFF55E /* PrimaryModifier.swift in Sources */ = {isa = PBXBuildFile; fileRef = 1F47B0BE29F70DC500BFF55E /* PrimaryModifier.swift */; };
		1F47B0C129F7141300BFF55E /* FavoriteButton.swift in Sources */ = {isa = PBXBuildFile; fileRef = 1F47B0C029F7141300BFF55E /* FavoriteButton.swift */; };
/* End PBXBuildFile section */

/* Begin PBXContainerItemProxy section */
		1F47B05A29F5B5EE00BFF55E /* PBXContainerItemProxy */ = {
			isa = PBXContainerItemProxy;
			containerPortal = 1F47B04129F5B5EC00BFF55E /* Project object */;
			proxyType = 1;
			remoteGlobalIDString = 1F47B04829F5B5EC00BFF55E;
			remoteInfo = TestYouAreLaunched;
		};
		1F47B06429F5B5EE00BFF55E /* PBXContainerItemProxy */ = {
			isa = PBXContainerItemProxy;
			containerPortal = 1F47B04129F5B5EC00BFF55E /* Project object */;
			proxyType = 1;
			remoteGlobalIDString = 1F47B04829F5B5EC00BFF55E;
			remoteInfo = TestYouAreLaunched;
		};
/* End PBXContainerItemProxy section */

/* Begin PBXFileReference section */
		1F47B04929F5B5EC00BFF55E /* TestYouAreLaunched.app */ = {isa = PBXFileReference; explicitFileType = wrapper.application; includeInIndex = 0; path = TestYouAreLaunched.app; sourceTree = BUILT_PRODUCTS_DIR; };
		1F47B04C29F5B5EC00BFF55E /* TestYouAreLaunchedApp.swift */ = {isa = PBXFileReference; lastKnownFileType = sourcecode.swift; path = TestYouAreLaunchedApp.swift; sourceTree = "<group>"; };
		1F47B04E29F5B5EC00BFF55E /* MainView.swift */ = {isa = PBXFileReference; lastKnownFileType = sourcecode.swift; path = MainView.swift; sourceTree = "<group>"; };
		1F47B05029F5B5EE00BFF55E /* Assets.xcassets */ = {isa = PBXFileReference; lastKnownFileType = folder.assetcatalog; path = Assets.xcassets; sourceTree = "<group>"; };
		1F47B05329F5B5EE00BFF55E /* Preview Assets.xcassets */ = {isa = PBXFileReference; lastKnownFileType = folder.assetcatalog; path = "Preview Assets.xcassets"; sourceTree = "<group>"; };
		1F47B05929F5B5EE00BFF55E /* TestYouAreLaunchedTests.xctest */ = {isa = PBXFileReference; explicitFileType = wrapper.cfbundle; includeInIndex = 0; path = TestYouAreLaunchedTests.xctest; sourceTree = BUILT_PRODUCTS_DIR; };
		1F47B05D29F5B5EE00BFF55E /* TestYouAreLaunchedTests.swift */ = {isa = PBXFileReference; lastKnownFileType = sourcecode.swift; path = TestYouAreLaunchedTests.swift; sourceTree = "<group>"; };
		1F47B06329F5B5EE00BFF55E /* TestYouAreLaunchedUITests.xctest */ = {isa = PBXFileReference; explicitFileType = wrapper.cfbundle; includeInIndex = 0; path = TestYouAreLaunchedUITests.xctest; sourceTree = BUILT_PRODUCTS_DIR; };
		1F47B06729F5B5EE00BFF55E /* TestYouAreLaunchedUITests.swift */ = {isa = PBXFileReference; lastKnownFileType = sourcecode.swift; path = TestYouAreLaunchedUITests.swift; sourceTree = "<group>"; };
		1F47B06929F5B5EE00BFF55E /* TestYouAreLaunchedUITestsLaunchTests.swift */ = {isa = PBXFileReference; lastKnownFileType = sourcecode.swift; path = TestYouAreLaunchedUITestsLaunchTests.swift; sourceTree = "<group>"; };
		1F47B07729F5B7E500BFF55E /* Network.swift */ = {isa = PBXFileReference; lastKnownFileType = sourcecode.swift; path = Network.swift; sourceTree = "<group>"; };
		1F47B07A29F5B85E00BFF55E /* vendors.json */ = {isa = PBXFileReference; fileEncoding = 4; lastKnownFileType = text.json; path = vendors.json; sourceTree = "<group>"; };
		1F47B07C29F5BBE700BFF55E /* NetworkTests.swift */ = {isa = PBXFileReference; lastKnownFileType = sourcecode.swift; path = NetworkTests.swift; sourceTree = "<group>"; };
		1F47B07F29F5C28400BFF55E /* Vendor.swift */ = {isa = PBXFileReference; lastKnownFileType = sourcecode.swift; path = Vendor.swift; sourceTree = "<group>"; };
		1F47B08129F5C8D200BFF55E /* PhotoImage.swift */ = {isa = PBXFileReference; lastKnownFileType = sourcecode.swift; path = PhotoImage.swift; sourceTree = "<group>"; };
		1F47B08329F5CB1E00BFF55E /* Category.swift */ = {isa = PBXFileReference; lastKnownFileType = sourcecode.swift; path = Category.swift; sourceTree = "<group>"; };
		1F47B08529F5CBEC00BFF55E /* Tag.swift */ = {isa = PBXFileReference; lastKnownFileType = sourcecode.swift; path = Tag.swift; sourceTree = "<group>"; };
		1F47B08829F5D21A00BFF55E /* SearchView.swift */ = {isa = PBXFileReference; lastKnownFileType = sourcecode.swift; path = SearchView.swift; sourceTree = "<group>"; };
		1F47B08B29F5D78300BFF55E /* Assets.swift */ = {isa = PBXFileReference; fileEncoding = 4; lastKnownFileType = sourcecode.swift; path = Assets.swift; sourceTree = "<group>"; };
		1F47B08F29F5D78D00BFF55E /* Images.xcassets */ = {isa = PBXFileReference; lastKnownFileType = folder.assetcatalog; path = Images.xcassets; sourceTree = "<group>"; };
		1F47B09129F5D78D00BFF55E /* Colors.xcassets */ = {isa = PBXFileReference; lastKnownFileType = folder.assetcatalog; path = Colors.xcassets; sourceTree = "<group>"; };
		1F47B0A629F5D9A400BFF55E /* ListItemRowView.swift */ = {isa = PBXFileReference; lastKnownFileType = sourcecode.swift; path = ListItemRowView.swift; sourceTree = "<group>"; };
		1F47B0AB29F67DF400BFF55E /* CoverPhotoContentView.swift */ = {isa = PBXFileReference; lastKnownFileType = sourcecode.swift; path = CoverPhotoContentView.swift; sourceTree = "<group>"; };
		1F47B0BE29F70DC500BFF55E /* PrimaryModifier.swift */ = {isa = PBXFileReference; lastKnownFileType = sourcecode.swift; path = PrimaryModifier.swift; sourceTree = "<group>"; };
		1F47B0C029F7141300BFF55E /* FavoriteButton.swift */ = {isa = PBXFileReference; lastKnownFileType = sourcecode.swift; path = FavoriteButton.swift; sourceTree = "<group>"; };
		6055DA4D736B201A07E95750 /* Pods-TestYouAreLaunched.debug.xcconfig */ = {isa = PBXFileReference; includeInIndex = 1; lastKnownFileType = text.xcconfig; name = "Pods-TestYouAreLaunched.debug.xcconfig"; path = "Target Support Files/Pods-TestYouAreLaunched/Pods-TestYouAreLaunched.debug.xcconfig"; sourceTree = "<group>"; };
		6A26D8B47AD40AA838209E7A /* Pods-TestYouAreLaunched.release.xcconfig */ = {isa = PBXFileReference; includeInIndex = 1; lastKnownFileType = text.xcconfig; name = "Pods-TestYouAreLaunched.release.xcconfig"; path = "Target Support Files/Pods-TestYouAreLaunched/Pods-TestYouAreLaunched.release.xcconfig"; sourceTree = "<group>"; };
		D6F8002541C1BACEEA41076B /* Pods_TestYouAreLaunched.framework */ = {isa = PBXFileReference; explicitFileType = wrapper.framework; includeInIndex = 0; path = Pods_TestYouAreLaunched.framework; sourceTree = BUILT_PRODUCTS_DIR; };
/* End PBXFileReference section */

/* Begin PBXFrameworksBuildPhase section */
		1F47B04629F5B5EC00BFF55E /* Frameworks */ = {
			isa = PBXFrameworksBuildPhase;
			buildActionMask = 2147483647;
			files = (
				1F47B0AA29F6751100BFF55E /* Kingfisher in Frameworks */,
				1C50319EAA2C5B25F8C160D3 /* Pods_TestYouAreLaunched.framework in Frameworks */,
			);
			runOnlyForDeploymentPostprocessing = 0;
		};
		1F47B05629F5B5EE00BFF55E /* Frameworks */ = {
			isa = PBXFrameworksBuildPhase;
			buildActionMask = 2147483647;
			files = (
			);
			runOnlyForDeploymentPostprocessing = 0;
		};
		1F47B06029F5B5EE00BFF55E /* Frameworks */ = {
			isa = PBXFrameworksBuildPhase;
			buildActionMask = 2147483647;
			files = (
			);
			runOnlyForDeploymentPostprocessing = 0;
		};
/* End PBXFrameworksBuildPhase section */

/* Begin PBXGroup section */
		01F5E0B5DD724AA794DBD71F /* Pods */ = {
			isa = PBXGroup;
			children = (
				6055DA4D736B201A07E95750 /* Pods-TestYouAreLaunched.debug.xcconfig */,
				6A26D8B47AD40AA838209E7A /* Pods-TestYouAreLaunched.release.xcconfig */,
			);
			path = Pods;
			sourceTree = "<group>";
		};
		1F47B04029F5B5EC00BFF55E = {
			isa = PBXGroup;
			children = (
				1F47B08D29F5D78D00BFF55E /* Resources */,
				1F47B08A29F5D78300BFF55E /* Generated */,
				1F47B04B29F5B5EC00BFF55E /* TestYouAreLaunched */,
				1F47B05C29F5B5EE00BFF55E /* TestYouAreLaunchedTests */,
				1F47B06629F5B5EE00BFF55E /* TestYouAreLaunchedUITests */,
				1F47B04A29F5B5EC00BFF55E /* Products */,
				01F5E0B5DD724AA794DBD71F /* Pods */,
				ECBE7802C6C7DE23226B4AD0 /* Frameworks */,
			);
			sourceTree = "<group>";
		};
		1F47B04A29F5B5EC00BFF55E /* Products */ = {
			isa = PBXGroup;
			children = (
				1F47B04929F5B5EC00BFF55E /* TestYouAreLaunched.app */,
				1F47B05929F5B5EE00BFF55E /* TestYouAreLaunchedTests.xctest */,
				1F47B06329F5B5EE00BFF55E /* TestYouAreLaunchedUITests.xctest */,
			);
			name = Products;
			sourceTree = "<group>";
		};
		1F47B04B29F5B5EC00BFF55E /* TestYouAreLaunched */ = {
			isa = PBXGroup;
			children = (
				1F47B0BD29F70D9E00BFF55E /* Helpers */,
				1F47B08729F5D20E00BFF55E /* Views */,
				1F47B07E29F5C1FB00BFF55E /* Models */,
				1F47B07629F5B7D500BFF55E /* Network */,
				1F47B04C29F5B5EC00BFF55E /* TestYouAreLaunchedApp.swift */,
				1F47B04E29F5B5EC00BFF55E /* MainView.swift */,
				1F47B05029F5B5EE00BFF55E /* Assets.xcassets */,
				1F47B05229F5B5EE00BFF55E /* Preview Content */,
			);
			path = TestYouAreLaunched;
			sourceTree = "<group>";
		};
		1F47B05229F5B5EE00BFF55E /* Preview Content */ = {
			isa = PBXGroup;
			children = (
				1F47B05329F5B5EE00BFF55E /* Preview Assets.xcassets */,
			);
			path = "Preview Content";
			sourceTree = "<group>";
		};
		1F47B05C29F5B5EE00BFF55E /* TestYouAreLaunchedTests */ = {
			isa = PBXGroup;
			children = (
				1F47B05D29F5B5EE00BFF55E /* TestYouAreLaunchedTests.swift */,
				1F47B07C29F5BBE700BFF55E /* NetworkTests.swift */,
			);
			path = TestYouAreLaunchedTests;
			sourceTree = "<group>";
		};
		1F47B06629F5B5EE00BFF55E /* TestYouAreLaunchedUITests */ = {
			isa = PBXGroup;
			children = (
				1F47B06729F5B5EE00BFF55E /* TestYouAreLaunchedUITests.swift */,
				1F47B06929F5B5EE00BFF55E /* TestYouAreLaunchedUITestsLaunchTests.swift */,
			);
			path = TestYouAreLaunchedUITests;
			sourceTree = "<group>";
		};
		1F47B07629F5B7D500BFF55E /* Network */ = {
			isa = PBXGroup;
			children = (
				1F47B07729F5B7E500BFF55E /* Network.swift */,
				1F47B07A29F5B85E00BFF55E /* vendors.json */,
			);
			path = Network;
			sourceTree = "<group>";
		};
		1F47B07E29F5C1FB00BFF55E /* Models */ = {
			isa = PBXGroup;
			children = (
				1F47B08329F5CB1E00BFF55E /* Category.swift */,
				1F47B08129F5C8D200BFF55E /* PhotoImage.swift */,
				1F47B08529F5CBEC00BFF55E /* Tag.swift */,
				1F47B07F29F5C28400BFF55E /* Vendor.swift */,
			);
			path = Models;
			sourceTree = "<group>";
		};
		1F47B08729F5D20E00BFF55E /* Views */ = {
			isa = PBXGroup;
			children = (
				1F47B08829F5D21A00BFF55E /* SearchView.swift */,
				1F47B0A629F5D9A400BFF55E /* ListItemRowView.swift */,
				1F47B0AB29F67DF400BFF55E /* CoverPhotoContentView.swift */,
				1F47B0C029F7141300BFF55E /* FavoriteButton.swift */,
			);
			path = Views;
			sourceTree = "<group>";
		};
		1F47B08A29F5D78300BFF55E /* Generated */ = {
			isa = PBXGroup;
			children = (
				1F47B08B29F5D78300BFF55E /* Assets.swift */,
			);
			path = Generated;
			sourceTree = "<group>";
		};
		1F47B08D29F5D78D00BFF55E /* Resources */ = {
			isa = PBXGroup;
			children = (
				1F47B08E29F5D78D00BFF55E /* Images */,
				1F47B09029F5D78D00BFF55E /* Colors */,
				1F47B09229F5D78D00BFF55E /* Fonts */,
			);
			path = Resources;
			sourceTree = "<group>";
		};
		1F47B08E29F5D78D00BFF55E /* Images */ = {
			isa = PBXGroup;
			children = (
				1F47B08F29F5D78D00BFF55E /* Images.xcassets */,
			);
			path = Images;
			sourceTree = "<group>";
		};
		1F47B09029F5D78D00BFF55E /* Colors */ = {
			isa = PBXGroup;
			children = (
				1F47B09129F5D78D00BFF55E /* Colors.xcassets */,
			);
			path = Colors;
			sourceTree = "<group>";
		};
		1F47B09229F5D78D00BFF55E /* Fonts */ = {
			isa = PBXGroup;
			children = (
			);
			path = Fonts;
			sourceTree = "<group>";
		};
		1F47B0BD29F70D9E00BFF55E /* Helpers */ = {
			isa = PBXGroup;
			children = (
				1F47B0BE29F70DC500BFF55E /* PrimaryModifier.swift */,
			);
			path = Helpers;
			sourceTree = "<group>";
		};
		ECBE7802C6C7DE23226B4AD0 /* Frameworks */ = {
			isa = PBXGroup;
			children = (
				D6F8002541C1BACEEA41076B /* Pods_TestYouAreLaunched.framework */,
			);
			name = Frameworks;
			sourceTree = "<group>";
		};
/* End PBXGroup section */

/* Begin PBXNativeTarget section */
		1F47B04829F5B5EC00BFF55E /* TestYouAreLaunched */ = {
			isa = PBXNativeTarget;
			buildConfigurationList = 1F47B06D29F5B5EE00BFF55E /* Build configuration list for PBXNativeTarget "TestYouAreLaunched" */;
			buildPhases = (
				3E38513D6FB1EB4848521389 /* [CP] Check Pods Manifest.lock */,
				1F47B04529F5B5EC00BFF55E /* Sources */,
				1F47B04629F5B5EC00BFF55E /* Frameworks */,
				1F47B04729F5B5EC00BFF55E /* Resources */,
				1F47B0A429F5D7E200BFF55E /* ShellScript */,
				1F47B0A529F5D7F800BFF55E /* ShellScript */,
			);
			buildRules = (
			);
			dependencies = (
			);
			name = TestYouAreLaunched;
			packageProductDependencies = (
				1F47B0A929F6751100BFF55E /* Kingfisher */,
			);
			productName = TestYouAreLaunched;
			productReference = 1F47B04929F5B5EC00BFF55E /* TestYouAreLaunched.app */;
			productType = "com.apple.product-type.application";
		};
		1F47B05829F5B5EE00BFF55E /* TestYouAreLaunchedTests */ = {
			isa = PBXNativeTarget;
			buildConfigurationList = 1F47B07029F5B5EE00BFF55E /* Build configuration list for PBXNativeTarget "TestYouAreLaunchedTests" */;
			buildPhases = (
				1F47B05529F5B5EE00BFF55E /* Sources */,
				1F47B05629F5B5EE00BFF55E /* Frameworks */,
				1F47B05729F5B5EE00BFF55E /* Resources */,
			);
			buildRules = (
			);
			dependencies = (
				1F47B05B29F5B5EE00BFF55E /* PBXTargetDependency */,
			);
			name = TestYouAreLaunchedTests;
			productName = TestYouAreLaunchedTests;
			productReference = 1F47B05929F5B5EE00BFF55E /* TestYouAreLaunchedTests.xctest */;
			productType = "com.apple.product-type.bundle.unit-test";
		};
		1F47B06229F5B5EE00BFF55E /* TestYouAreLaunchedUITests */ = {
			isa = PBXNativeTarget;
			buildConfigurationList = 1F47B07329F5B5EE00BFF55E /* Build configuration list for PBXNativeTarget "TestYouAreLaunchedUITests" */;
			buildPhases = (
				1F47B05F29F5B5EE00BFF55E /* Sources */,
				1F47B06029F5B5EE00BFF55E /* Frameworks */,
				1F47B06129F5B5EE00BFF55E /* Resources */,
			);
			buildRules = (
			);
			dependencies = (
				1F47B06529F5B5EE00BFF55E /* PBXTargetDependency */,
			);
			name = TestYouAreLaunchedUITests;
			productName = TestYouAreLaunchedUITests;
			productReference = 1F47B06329F5B5EE00BFF55E /* TestYouAreLaunchedUITests.xctest */;
			productType = "com.apple.product-type.bundle.ui-testing";
		};
/* End PBXNativeTarget section */

/* Begin PBXProject section */
		1F47B04129F5B5EC00BFF55E /* Project object */ = {
			isa = PBXProject;
			attributes = {
				BuildIndependentTargetsInParallel = 1;
				LastSwiftUpdateCheck = 1430;
				LastUpgradeCheck = 1430;
				TargetAttributes = {
					1F47B04829F5B5EC00BFF55E = {
						CreatedOnToolsVersion = 14.3;
					};
					1F47B05829F5B5EE00BFF55E = {
						CreatedOnToolsVersion = 14.3;
						TestTargetID = 1F47B04829F5B5EC00BFF55E;
					};
					1F47B06229F5B5EE00BFF55E = {
						CreatedOnToolsVersion = 14.3;
						TestTargetID = 1F47B04829F5B5EC00BFF55E;
					};
				};
			};
			buildConfigurationList = 1F47B04429F5B5EC00BFF55E /* Build configuration list for PBXProject "TestYouAreLaunched" */;
			compatibilityVersion = "Xcode 14.0";
			developmentRegion = en;
			hasScannedForEncodings = 0;
			knownRegions = (
				en,
				Base,
			);
			mainGroup = 1F47B04029F5B5EC00BFF55E;
			packageReferences = (
				1F47B0A829F6751100BFF55E /* XCRemoteSwiftPackageReference "Kingfisher" */,
			);
			productRefGroup = 1F47B04A29F5B5EC00BFF55E /* Products */;
			projectDirPath = "";
			projectRoot = "";
			targets = (
				1F47B04829F5B5EC00BFF55E /* TestYouAreLaunched */,
				1F47B05829F5B5EE00BFF55E /* TestYouAreLaunchedTests */,
				1F47B06229F5B5EE00BFF55E /* TestYouAreLaunchedUITests */,
			);
		};
/* End PBXProject section */

/* Begin PBXResourcesBuildPhase section */
		1F47B04729F5B5EC00BFF55E /* Resources */ = {
			isa = PBXResourcesBuildPhase;
			buildActionMask = 2147483647;
			files = (
				1F47B09C29F5D78D00BFF55E /* Colors.xcassets in Resources */,
				1F47B05429F5B5EE00BFF55E /* Preview Assets.xcassets in Resources */,
				1F47B09B29F5D78D00BFF55E /* Images.xcassets in Resources */,
				1F47B05129F5B5EE00BFF55E /* Assets.xcassets in Resources */,
				1F47B07B29F5B85E00BFF55E /* vendors.json in Resources */,
			);
			runOnlyForDeploymentPostprocessing = 0;
		};
		1F47B05729F5B5EE00BFF55E /* Resources */ = {
			isa = PBXResourcesBuildPhase;
			buildActionMask = 2147483647;
			files = (
			);
			runOnlyForDeploymentPostprocessing = 0;
		};
		1F47B06129F5B5EE00BFF55E /* Resources */ = {
			isa = PBXResourcesBuildPhase;
			buildActionMask = 2147483647;
			files = (
			);
			runOnlyForDeploymentPostprocessing = 0;
		};
/* End PBXResourcesBuildPhase section */

/* Begin PBXShellScriptBuildPhase section */
		1F47B0A429F5D7E200BFF55E /* ShellScript */ = {
			isa = PBXShellScriptBuildPhase;
			buildActionMask = 2147483647;
			files = (
			);
			inputFileListPaths = (
			);
			inputPaths = (
			);
			outputFileListPaths = (
			);
			outputPaths = (
			);
			runOnlyForDeploymentPostprocessing = 0;
			shellPath = /bin/sh;
			shellScript = "export PATH=\"$PATH:/opt/homebrew/bin\"\n\nif which swiftlint > /dev/null; then\n  swiftlint\nelse\n  echo \"warning: SwiftLint not installed, download from https://github.com/realm/SwiftLint\"\nfi\n";
		};
		1F47B0A529F5D7F800BFF55E /* ShellScript */ = {
			isa = PBXShellScriptBuildPhase;
			buildActionMask = 2147483647;
			files = (
			);
			inputFileListPaths = (
			);
			inputPaths = (
			);
			outputFileListPaths = (
			);
			outputPaths = (
			);
			runOnlyForDeploymentPostprocessing = 0;
			shellPath = /bin/sh;
			shellScript = "\"$PODS_ROOT/SwiftGen/bin/swiftgen\"\n";
		};
		3E38513D6FB1EB4848521389 /* [CP] Check Pods Manifest.lock */ = {
			isa = PBXShellScriptBuildPhase;
			buildActionMask = 2147483647;
			files = (
			);
			inputFileListPaths = (
			);
			inputPaths = (
				"${PODS_PODFILE_DIR_PATH}/Podfile.lock",
				"${PODS_ROOT}/Manifest.lock",
			);
			name = "[CP] Check Pods Manifest.lock";
			outputFileListPaths = (
			);
			outputPaths = (
				"$(DERIVED_FILE_DIR)/Pods-TestYouAreLaunched-checkManifestLockResult.txt",
			);
			runOnlyForDeploymentPostprocessing = 0;
			shellPath = /bin/sh;
			shellScript = "diff \"${PODS_PODFILE_DIR_PATH}/Podfile.lock\" \"${PODS_ROOT}/Manifest.lock\" > /dev/null\nif [ $? != 0 ] ; then\n    # print error to STDERR\n    echo \"error: The sandbox is not in sync with the Podfile.lock. Run 'pod install' or update your CocoaPods installation.\" >&2\n    exit 1\nfi\n# This output is used by Xcode 'outputs' to avoid re-running this script phase.\necho \"SUCCESS\" > \"${SCRIPT_OUTPUT_FILE_0}\"\n";
			showEnvVarsInLog = 0;
		};
/* End PBXShellScriptBuildPhase section */

/* Begin PBXSourcesBuildPhase section */
		1F47B04529F5B5EC00BFF55E /* Sources */ = {
			isa = PBXSourcesBuildPhase;
			buildActionMask = 2147483647;
			files = (
				1F47B0AC29F67DF400BFF55E /* CoverPhotoContentView.swift in Sources */,
				1F47B04F29F5B5EC00BFF55E /* MainView.swift in Sources */,
				1F47B08029F5C28400BFF55E /* Vendor.swift in Sources */,
				1F47B04D29F5B5EC00BFF55E /* TestYouAreLaunchedApp.swift in Sources */,
				1F47B08629F5CBEC00BFF55E /* Tag.swift in Sources */,
				1F47B08929F5D21A00BFF55E /* SearchView.swift in Sources */,
				1F47B07829F5B7E500BFF55E /* Network.swift in Sources */,
				1F47B08229F5C8D200BFF55E /* PhotoImage.swift in Sources */,
				1F47B08429F5CB1E00BFF55E /* Category.swift in Sources */,
				1F47B0A729F5D9A500BFF55E /* ListItemRowView.swift in Sources */,
				1F47B08C29F5D78300BFF55E /* Assets.swift in Sources */,
				1F47B0BF29F70DC500BFF55E /* PrimaryModifier.swift in Sources */,
				1F47B0C129F7141300BFF55E /* FavoriteButton.swift in Sources */,
			);
			runOnlyForDeploymentPostprocessing = 0;
		};
		1F47B05529F5B5EE00BFF55E /* Sources */ = {
			isa = PBXSourcesBuildPhase;
			buildActionMask = 2147483647;
			files = (
				1F47B07D29F5BBE700BFF55E /* NetworkTests.swift in Sources */,
				1F47B05E29F5B5EE00BFF55E /* TestYouAreLaunchedTests.swift in Sources */,
			);
			runOnlyForDeploymentPostprocessing = 0;
		};
		1F47B05F29F5B5EE00BFF55E /* Sources */ = {
			isa = PBXSourcesBuildPhase;
			buildActionMask = 2147483647;
			files = (
				1F47B06829F5B5EE00BFF55E /* TestYouAreLaunchedUITests.swift in Sources */,
				1F47B06A29F5B5EE00BFF55E /* TestYouAreLaunchedUITestsLaunchTests.swift in Sources */,
			);
			runOnlyForDeploymentPostprocessing = 0;
		};
/* End PBXSourcesBuildPhase section */

/* Begin PBXTargetDependency section */
		1F47B05B29F5B5EE00BFF55E /* PBXTargetDependency */ = {
			isa = PBXTargetDependency;
			target = 1F47B04829F5B5EC00BFF55E /* TestYouAreLaunched */;
			targetProxy = 1F47B05A29F5B5EE00BFF55E /* PBXContainerItemProxy */;
		};
		1F47B06529F5B5EE00BFF55E /* PBXTargetDependency */ = {
			isa = PBXTargetDependency;
			target = 1F47B04829F5B5EC00BFF55E /* TestYouAreLaunched */;
			targetProxy = 1F47B06429F5B5EE00BFF55E /* PBXContainerItemProxy */;
		};
/* End PBXTargetDependency section */

/* Begin XCBuildConfiguration section */
		1F47B06B29F5B5EE00BFF55E /* Debug */ = {
			isa = XCBuildConfiguration;
			buildSettings = {
				ALWAYS_SEARCH_USER_PATHS = NO;
				CLANG_ANALYZER_NONNULL = YES;
				CLANG_ANALYZER_NUMBER_OBJECT_CONVERSION = YES_AGGRESSIVE;
				CLANG_CXX_LANGUAGE_STANDARD = "gnu++20";
				CLANG_ENABLE_MODULES = YES;
				CLANG_ENABLE_OBJC_ARC = YES;
				CLANG_ENABLE_OBJC_WEAK = YES;
				CLANG_WARN_BLOCK_CAPTURE_AUTORELEASING = YES;
				CLANG_WARN_BOOL_CONVERSION = YES;
				CLANG_WARN_COMMA = YES;
				CLANG_WARN_CONSTANT_CONVERSION = YES;
				CLANG_WARN_DEPRECATED_OBJC_IMPLEMENTATIONS = YES;
				CLANG_WARN_DIRECT_OBJC_ISA_USAGE = YES_ERROR;
				CLANG_WARN_DOCUMENTATION_COMMENTS = YES;
				CLANG_WARN_EMPTY_BODY = YES;
				CLANG_WARN_ENUM_CONVERSION = YES;
				CLANG_WARN_INFINITE_RECURSION = YES;
				CLANG_WARN_INT_CONVERSION = YES;
				CLANG_WARN_NON_LITERAL_NULL_CONVERSION = YES;
				CLANG_WARN_OBJC_IMPLICIT_RETAIN_SELF = YES;
				CLANG_WARN_OBJC_LITERAL_CONVERSION = YES;
				CLANG_WARN_OBJC_ROOT_CLASS = YES_ERROR;
				CLANG_WARN_QUOTED_INCLUDE_IN_FRAMEWORK_HEADER = YES;
				CLANG_WARN_RANGE_LOOP_ANALYSIS = YES;
				CLANG_WARN_STRICT_PROTOTYPES = YES;
				CLANG_WARN_SUSPICIOUS_MOVE = YES;
				CLANG_WARN_UNGUARDED_AVAILABILITY = YES_AGGRESSIVE;
				CLANG_WARN_UNREACHABLE_CODE = YES;
				CLANG_WARN__DUPLICATE_METHOD_MATCH = YES;
				COPY_PHASE_STRIP = NO;
				DEBUG_INFORMATION_FORMAT = dwarf;
				ENABLE_STRICT_OBJC_MSGSEND = YES;
				ENABLE_TESTABILITY = YES;
				GCC_C_LANGUAGE_STANDARD = gnu11;
				GCC_DYNAMIC_NO_PIC = NO;
				GCC_NO_COMMON_BLOCKS = YES;
				GCC_OPTIMIZATION_LEVEL = 0;
				GCC_PREPROCESSOR_DEFINITIONS = (
					"DEBUG=1",
					"$(inherited)",
				);
				GCC_WARN_64_TO_32_BIT_CONVERSION = YES;
				GCC_WARN_ABOUT_RETURN_TYPE = YES_ERROR;
				GCC_WARN_UNDECLARED_SELECTOR = YES;
				GCC_WARN_UNINITIALIZED_AUTOS = YES_AGGRESSIVE;
				GCC_WARN_UNUSED_FUNCTION = YES;
				GCC_WARN_UNUSED_VARIABLE = YES;
				IPHONEOS_DEPLOYMENT_TARGET = 16.4;
				MTL_ENABLE_DEBUG_INFO = INCLUDE_SOURCE;
				MTL_FAST_MATH = YES;
				ONLY_ACTIVE_ARCH = YES;
				SDKROOT = iphoneos;
				SWIFT_ACTIVE_COMPILATION_CONDITIONS = DEBUG;
				SWIFT_OPTIMIZATION_LEVEL = "-Onone";
			};
			name = Debug;
		};
		1F47B06C29F5B5EE00BFF55E /* Release */ = {
			isa = XCBuildConfiguration;
			buildSettings = {
				ALWAYS_SEARCH_USER_PATHS = NO;
				CLANG_ANALYZER_NONNULL = YES;
				CLANG_ANALYZER_NUMBER_OBJECT_CONVERSION = YES_AGGRESSIVE;
				CLANG_CXX_LANGUAGE_STANDARD = "gnu++20";
				CLANG_ENABLE_MODULES = YES;
				CLANG_ENABLE_OBJC_ARC = YES;
				CLANG_ENABLE_OBJC_WEAK = YES;
				CLANG_WARN_BLOCK_CAPTURE_AUTORELEASING = YES;
				CLANG_WARN_BOOL_CONVERSION = YES;
				CLANG_WARN_COMMA = YES;
				CLANG_WARN_CONSTANT_CONVERSION = YES;
				CLANG_WARN_DEPRECATED_OBJC_IMPLEMENTATIONS = YES;
				CLANG_WARN_DIRECT_OBJC_ISA_USAGE = YES_ERROR;
				CLANG_WARN_DOCUMENTATION_COMMENTS = YES;
				CLANG_WARN_EMPTY_BODY = YES;
				CLANG_WARN_ENUM_CONVERSION = YES;
				CLANG_WARN_INFINITE_RECURSION = YES;
				CLANG_WARN_INT_CONVERSION = YES;
				CLANG_WARN_NON_LITERAL_NULL_CONVERSION = YES;
				CLANG_WARN_OBJC_IMPLICIT_RETAIN_SELF = YES;
				CLANG_WARN_OBJC_LITERAL_CONVERSION = YES;
				CLANG_WARN_OBJC_ROOT_CLASS = YES_ERROR;
				CLANG_WARN_QUOTED_INCLUDE_IN_FRAMEWORK_HEADER = YES;
				CLANG_WARN_RANGE_LOOP_ANALYSIS = YES;
				CLANG_WARN_STRICT_PROTOTYPES = YES;
				CLANG_WARN_SUSPICIOUS_MOVE = YES;
				CLANG_WARN_UNGUARDED_AVAILABILITY = YES_AGGRESSIVE;
				CLANG_WARN_UNREACHABLE_CODE = YES;
				CLANG_WARN__DUPLICATE_METHOD_MATCH = YES;
				COPY_PHASE_STRIP = NO;
				DEBUG_INFORMATION_FORMAT = "dwarf-with-dsym";
				ENABLE_NS_ASSERTIONS = NO;
				ENABLE_STRICT_OBJC_MSGSEND = YES;
				GCC_C_LANGUAGE_STANDARD = gnu11;
				GCC_NO_COMMON_BLOCKS = YES;
				GCC_WARN_64_TO_32_BIT_CONVERSION = YES;
				GCC_WARN_ABOUT_RETURN_TYPE = YES_ERROR;
				GCC_WARN_UNDECLARED_SELECTOR = YES;
				GCC_WARN_UNINITIALIZED_AUTOS = YES_AGGRESSIVE;
				GCC_WARN_UNUSED_FUNCTION = YES;
				GCC_WARN_UNUSED_VARIABLE = YES;
				IPHONEOS_DEPLOYMENT_TARGET = 16.4;
				MTL_ENABLE_DEBUG_INFO = NO;
				MTL_FAST_MATH = YES;
				SDKROOT = iphoneos;
				SWIFT_COMPILATION_MODE = wholemodule;
				SWIFT_OPTIMIZATION_LEVEL = "-O";
				VALIDATE_PRODUCT = YES;
			};
			name = Release;
		};
		1F47B06E29F5B5EE00BFF55E /* Debug */ = {
			isa = XCBuildConfiguration;
			baseConfigurationReference = 6055DA4D736B201A07E95750 /* Pods-TestYouAreLaunched.debug.xcconfig */;
			buildSettings = {
				ASSETCATALOG_COMPILER_APPICON_NAME = AppIcon;
				ASSETCATALOG_COMPILER_GLOBAL_ACCENT_COLOR_NAME = AccentColor;
				CODE_SIGN_STYLE = Automatic;
				CURRENT_PROJECT_VERSION = 1;
				DEVELOPMENT_ASSET_PATHS = "\"TestYouAreLaunched/Preview Content\"";
				ENABLE_PREVIEWS = YES;
				GENERATE_INFOPLIST_FILE = YES;
				INFOPLIST_KEY_UIApplicationSceneManifest_Generation = YES;
				INFOPLIST_KEY_UIApplicationSupportsIndirectInputEvents = YES;
				INFOPLIST_KEY_UILaunchScreen_Generation = YES;
				INFOPLIST_KEY_UISupportedInterfaceOrientations_iPad = "UIInterfaceOrientationPortrait UIInterfaceOrientationPortraitUpsideDown UIInterfaceOrientationLandscapeLeft UIInterfaceOrientationLandscapeRight";
				INFOPLIST_KEY_UISupportedInterfaceOrientations_iPhone = "UIInterfaceOrientationPortrait UIInterfaceOrientationLandscapeLeft UIInterfaceOrientationLandscapeRight";
				LD_RUNPATH_SEARCH_PATHS = (
					"$(inherited)",
					"@executable_path/Frameworks",
				);
				MARKETING_VERSION = 1.0;
				PRODUCT_BUNDLE_IDENTIFIER = com.alex.TestYouAreLaunched;
				PRODUCT_NAME = "$(TARGET_NAME)";
				SWIFT_EMIT_LOC_STRINGS = YES;
				SWIFT_VERSION = 5.0;
				TARGETED_DEVICE_FAMILY = "1,2";
			};
			name = Debug;
		};
		1F47B06F29F5B5EE00BFF55E /* Release */ = {
			isa = XCBuildConfiguration;
			baseConfigurationReference = 6A26D8B47AD40AA838209E7A /* Pods-TestYouAreLaunched.release.xcconfig */;
			buildSettings = {
				ASSETCATALOG_COMPILER_APPICON_NAME = AppIcon;
				ASSETCATALOG_COMPILER_GLOBAL_ACCENT_COLOR_NAME = AccentColor;
				CODE_SIGN_STYLE = Automatic;
				CURRENT_PROJECT_VERSION = 1;
				DEVELOPMENT_ASSET_PATHS = "\"TestYouAreLaunched/Preview Content\"";
				ENABLE_PREVIEWS = YES;
				GENERATE_INFOPLIST_FILE = YES;
				INFOPLIST_KEY_UIApplicationSceneManifest_Generation = YES;
				INFOPLIST_KEY_UIApplicationSupportsIndirectInputEvents = YES;
				INFOPLIST_KEY_UILaunchScreen_Generation = YES;
				INFOPLIST_KEY_UISupportedInterfaceOrientations_iPad = "UIInterfaceOrientationPortrait UIInterfaceOrientationPortraitUpsideDown UIInterfaceOrientationLandscapeLeft UIInterfaceOrientationLandscapeRight";
				INFOPLIST_KEY_UISupportedInterfaceOrientations_iPhone = "UIInterfaceOrientationPortrait UIInterfaceOrientationLandscapeLeft UIInterfaceOrientationLandscapeRight";
				LD_RUNPATH_SEARCH_PATHS = (
					"$(inherited)",
					"@executable_path/Frameworks",
				);
				MARKETING_VERSION = 1.0;
				PRODUCT_BUNDLE_IDENTIFIER = com.alex.TestYouAreLaunched;
				PRODUCT_NAME = "$(TARGET_NAME)";
				SWIFT_EMIT_LOC_STRINGS = YES;
				SWIFT_VERSION = 5.0;
				TARGETED_DEVICE_FAMILY = "1,2";
			};
			name = Release;
		};
		1F47B07129F5B5EE00BFF55E /* Debug */ = {
			isa = XCBuildConfiguration;
			buildSettings = {
				ALWAYS_EMBED_SWIFT_STANDARD_LIBRARIES = YES;
				BUNDLE_LOADER = "$(TEST_HOST)";
				CODE_SIGN_STYLE = Automatic;
				CURRENT_PROJECT_VERSION = 1;
				GENERATE_INFOPLIST_FILE = YES;
				IPHONEOS_DEPLOYMENT_TARGET = 16.4;
				MARKETING_VERSION = 1.0;
				PRODUCT_BUNDLE_IDENTIFIER = com.alex.TestYouAreLaunchedTests;
				PRODUCT_NAME = "$(TARGET_NAME)";
				SWIFT_EMIT_LOC_STRINGS = NO;
				SWIFT_VERSION = 5.0;
				TARGETED_DEVICE_FAMILY = "1,2";
				TEST_HOST = "$(BUILT_PRODUCTS_DIR)/TestYouAreLaunched.app/$(BUNDLE_EXECUTABLE_FOLDER_PATH)/TestYouAreLaunched";
			};
			name = Debug;
		};
		1F47B07229F5B5EE00BFF55E /* Release */ = {
			isa = XCBuildConfiguration;
			buildSettings = {
				ALWAYS_EMBED_SWIFT_STANDARD_LIBRARIES = YES;
				BUNDLE_LOADER = "$(TEST_HOST)";
				CODE_SIGN_STYLE = Automatic;
				CURRENT_PROJECT_VERSION = 1;
				GENERATE_INFOPLIST_FILE = YES;
				IPHONEOS_DEPLOYMENT_TARGET = 16.4;
				MARKETING_VERSION = 1.0;
				PRODUCT_BUNDLE_IDENTIFIER = com.alex.TestYouAreLaunchedTests;
				PRODUCT_NAME = "$(TARGET_NAME)";
				SWIFT_EMIT_LOC_STRINGS = NO;
				SWIFT_VERSION = 5.0;
				TARGETED_DEVICE_FAMILY = "1,2";
				TEST_HOST = "$(BUILT_PRODUCTS_DIR)/TestYouAreLaunched.app/$(BUNDLE_EXECUTABLE_FOLDER_PATH)/TestYouAreLaunched";
			};
			name = Release;
		};
		1F47B07429F5B5EE00BFF55E /* Debug */ = {
			isa = XCBuildConfiguration;
			buildSettings = {
				ALWAYS_EMBED_SWIFT_STANDARD_LIBRARIES = YES;
				CODE_SIGN_STYLE = Automatic;
				CURRENT_PROJECT_VERSION = 1;
				GENERATE_INFOPLIST_FILE = YES;
				MARKETING_VERSION = 1.0;
				PRODUCT_BUNDLE_IDENTIFIER = com.alex.TestYouAreLaunchedUITests;
				PRODUCT_NAME = "$(TARGET_NAME)";
				SWIFT_EMIT_LOC_STRINGS = NO;
				SWIFT_VERSION = 5.0;
				TARGETED_DEVICE_FAMILY = "1,2";
				TEST_TARGET_NAME = TestYouAreLaunched;
			};
			name = Debug;
		};
		1F47B07529F5B5EE00BFF55E /* Release */ = {
			isa = XCBuildConfiguration;
			buildSettings = {
				ALWAYS_EMBED_SWIFT_STANDARD_LIBRARIES = YES;
				CODE_SIGN_STYLE = Automatic;
				CURRENT_PROJECT_VERSION = 1;
				GENERATE_INFOPLIST_FILE = YES;
				MARKETING_VERSION = 1.0;
				PRODUCT_BUNDLE_IDENTIFIER = com.alex.TestYouAreLaunchedUITests;
				PRODUCT_NAME = "$(TARGET_NAME)";
				SWIFT_EMIT_LOC_STRINGS = NO;
				SWIFT_VERSION = 5.0;
				TARGETED_DEVICE_FAMILY = "1,2";
				TEST_TARGET_NAME = TestYouAreLaunched;
			};
			name = Release;
		};
/* End XCBuildConfiguration section */

/* Begin XCConfigurationList section */
		1F47B04429F5B5EC00BFF55E /* Build configuration list for PBXProject "TestYouAreLaunched" */ = {
			isa = XCConfigurationList;
			buildConfigurations = (
				1F47B06B29F5B5EE00BFF55E /* Debug */,
				1F47B06C29F5B5EE00BFF55E /* Release */,
			);
			defaultConfigurationIsVisible = 0;
			defaultConfigurationName = Release;
		};
		1F47B06D29F5B5EE00BFF55E /* Build configuration list for PBXNativeTarget "TestYouAreLaunched" */ = {
			isa = XCConfigurationList;
			buildConfigurations = (
				1F47B06E29F5B5EE00BFF55E /* Debug */,
				1F47B06F29F5B5EE00BFF55E /* Release */,
			);
			defaultConfigurationIsVisible = 0;
			defaultConfigurationName = Release;
		};
		1F47B07029F5B5EE00BFF55E /* Build configuration list for PBXNativeTarget "TestYouAreLaunchedTests" */ = {
			isa = XCConfigurationList;
			buildConfigurations = (
				1F47B07129F5B5EE00BFF55E /* Debug */,
				1F47B07229F5B5EE00BFF55E /* Release */,
			);
			defaultConfigurationIsVisible = 0;
			defaultConfigurationName = Release;
		};
		1F47B07329F5B5EE00BFF55E /* Build configuration list for PBXNativeTarget "TestYouAreLaunchedUITests" */ = {
			isa = XCConfigurationList;
			buildConfigurations = (
				1F47B07429F5B5EE00BFF55E /* Debug */,
				1F47B07529F5B5EE00BFF55E /* Release */,
			);
			defaultConfigurationIsVisible = 0;
			defaultConfigurationName = Release;
		};
/* End XCConfigurationList section */

/* Begin XCRemoteSwiftPackageReference section */
		1F47B0A829F6751100BFF55E /* XCRemoteSwiftPackageReference "Kingfisher" */ = {
			isa = XCRemoteSwiftPackageReference;
			repositoryURL = "https://github.com/onevcat/Kingfisher.git";
			requirement = {
				kind = upToNextMajorVersion;
				minimumVersion = 7.0.0;
			};
		};
/* End XCRemoteSwiftPackageReference section */

/* Begin XCSwiftPackageProductDependency section */
		1F47B0A929F6751100BFF55E /* Kingfisher */ = {
			isa = XCSwiftPackageProductDependency;
			package = 1F47B0A829F6751100BFF55E /* XCRemoteSwiftPackageReference "Kingfisher" */;
			productName = Kingfisher;
		};
/* End XCSwiftPackageProductDependency section */
	};
	rootObject = 1F47B04129F5B5EC00BFF55E /* Project object */;
}
